
Microsoft Visual Studio Solution File, Format Version 12.00
# Visual Studio Version 17
VisualStudioVersion = 17.2.32616.157
MinimumVisualStudioVersion = 10.0.40219.1
Project("{FAE04EC0-301F-11D3-BF4B-00C04F79EFBC}") = "Console Dungeon", "Console Dungeon\Console Dungeon.csproj", "{7C5B74FA-12ED-4AA2-B46C-39B8D5C25570}"
EndProject
Global
	GlobalSection(SolutionConfigurationPlatforms) = preSolution
		Debug|Any CPU = Debug|Any CPU
		Release|Any CPU = Release|Any CPU
	EndGlobalSection
	GlobalSection(ProjectConfigurationPlatforms) = postSolution
		{7C5B74FA-12ED-4AA2-B46C-39B8D5C25570}.Debug|Any CPU.ActiveCfg = Debug|Any CPU
		{7C5B74FA-12ED-4AA2-B46C-39B8D5C25570}.Debug|Any CPU.Build.0 = Debug|Any CPU
		{7C5B74FA-12ED-4AA2-B46C-39B8D5C25570}.Release|Any CPU.ActiveCfg = Release|Any CPU
		{7C5B74FA-12ED-4AA2-B46C-39B8D5C25570}.Release|Any CPU.Build.0 = Release|Any CPU
	EndGlobalSection
	GlobalSection(SolutionProperties) = preSolution
		HideSolutionNode = FALSE
	EndGlobalSection
	GlobalSection(ExtensibilityGlobals) = postSolution
		SolutionGuid = {3EA3A659-289E-44DA-A297-760596F0AE9C}
	EndGlobalSection
EndGlobal
